
Microsoft Visual Studio Solution File, Format Version 12.00
# Visual Studio Version 17
VisualStudioVersion = 17.8.34511.84
MinimumVisualStudioVersion = 10.0.40219.1
Project("{9A19103F-16F7-4668-BE54-9A1E7A4F7556}") = "day2", "day2.csproj", "{ACD4E0DA-895D-45AE-8C2E-7A3D56176D95}"
EndProject
Project("{9A19103F-16F7-4668-BE54-9A1E7A4F7556}") = "day2.Desktop", "..\day2.Desktop\day2.Desktop.csproj", "{E453C68E-62DC-4C7B-95A2-03BD200FE78B}"
EndProject
Global
	GlobalSection(SolutionConfigurationPlatforms) = preSolution
		Debug|Any CPU = Debug|Any CPU
		Release|Any CPU = Release|Any CPU
	EndGlobalSection
	GlobalSection(ProjectConfigurationPlatforms) = postSolution
		{ACD4E0DA-895D-45AE-8C2E-7A3D56176D95}.Debug|Any CPU.ActiveCfg = Debug|Any CPU
		{ACD4E0DA-895D-45AE-8C2E-7A3D56176D95}.Debug|Any CPU.Build.0 = Debug|Any CPU
		{ACD4E0DA-895D-45AE-8C2E-7A3D56176D95}.Release|Any CPU.ActiveCfg = Release|Any CPU
		{ACD4E0DA-895D-45AE-8C2E-7A3D56176D95}.Release|Any CPU.Build.0 = Release|Any CPU
		{E453C68E-62DC-4C7B-95A2-03BD200FE78B}.Debug|Any CPU.ActiveCfg = Debug|Any CPU
		{E453C68E-62DC-4C7B-95A2-03BD200FE78B}.Debug|Any CPU.Build.0 = Debug|Any CPU
		{E453C68E-62DC-4C7B-95A2-03BD200FE78B}.Release|Any CPU.ActiveCfg = Release|Any CPU
		{E453C68E-62DC-4C7B-95A2-03BD200FE78B}.Release|Any CPU.Build.0 = Release|Any CPU
	EndGlobalSection
	GlobalSection(SolutionProperties) = preSolution
		HideSolutionNode = FALSE
	EndGlobalSection
	GlobalSection(ExtensibilityGlobals) = postSolution
		SolutionGuid = {723971B6-DBB7-40B1-B5D9-EEF68603B17A}
	EndGlobalSection
EndGlobal
